
Microsoft Visual Studio Solution File, Format Version 12.00
# Visual Studio 15
VisualStudioVersion = 15.0.27130.2027
MinimumVisualStudioVersion = 10.0.40219.1
Project("{FAE04EC0-301F-11D3-BF4B-00C04F79EFBC}") = "SimpleTaskSystem.Core", "SimpleTaskSystem.Core\SimpleTaskSystem.Core.csproj", "{17298EA0-AF73-4F30-B6F1-2066100D7D74}"
EndProject
Project("{FAE04EC0-301F-11D3-BF4B-00C04F79EFBC}") = "SimpleTaskSystem.Application", "SimpleTaskSystem.Application\SimpleTaskSystem.Application.csproj", "{EDF5D964-4C0F-4F19-B674-58A38A5E5401}"
EndProject
Project("{FAE04EC0-301F-11D3-BF4B-00C04F79EFBC}") = "SimpleTaskSystem.WebApi", "SimpleTaskSystem.WebApi\SimpleTaskSystem.WebApi.csproj", "{5EB52D3D-09FD-463A-B02A-8D9856BD3724}"
EndProject
Project("{2150E333-8FDC-42A3-9474-1A3956D46DE8}") = "Common", "Common", "{679BAA44-7C00-45A8-B769-4442DAD8458C}"
EndProject
Project("{FAE04EC0-301F-11D3-BF4B-00C04F79EFBC}") = "SimpleTaskSystem.WebSpaAngular", "SimpleTaskSystem.WebSpaAngular\SimpleTaskSystem.WebSpaAngular.csproj", "{897F6FD8-6F90-48E4-95A5-B4429B896205}"
EndProject
Project("{FAE04EC0-301F-11D3-BF4B-00C04F79EFBC}") = "SimpleTaskSystem.WebSpaDurandal", "SimpleTaskSystem.WebSpaDurandal\SimpleTaskSystem.WebSpaDurandal.csproj", "{E3DBB7F7-406D-4AE6-AD0A-59BF69DF536F}"
EndProject
Project("{FAE04EC0-301F-11D3-BF4B-00C04F79EFBC}") = "SimpleTaskSystem.EntityFramework", "SimpleTaskSystem.EntityFramework\SimpleTaskSystem.EntityFramework.csproj", "{3979F157-DEB0-4878-AB1D-4CEF6B5A1300}"
EndProject
Project("{FAE04EC0-301F-11D3-BF4B-00C04F79EFBC}") = "SimpleTaskSystem.NHibernate", "SimpleTaskSystem.NHibernate\SimpleTaskSystem.NHibernate.csproj", "{5B9B8451-736C-41F8-AD7E-D7E6885964BA}"
EndProject
Project("{2150E333-8FDC-42A3-9474-1A3956D46DE8}") = ".nuget", ".nuget", "{D742A110-9EC6-43AA-8DAA-F4489E89A625}"
	ProjectSection(SolutionItems) = preProject
		.nuget\NuGet.Config = .nuget\NuGet.Config
		.nuget\NuGet.exe = .nuget\NuGet.exe
		.nuget\NuGet.targets = .nuget\NuGet.targets
	EndProjectSection
EndProject
Project("{FAE04EC0-301F-11D3-BF4B-00C04F79EFBC}") = "SimpleTaskSystem.ConsoleApp", "SimpleTaskSystem.ConsoleApp\SimpleTaskSystem.ConsoleApp.csproj", "{858EE6C5-E5F6-45BC-BA74-04F2BFD169EE}"
EndProject
Project("{2150E333-8FDC-42A3-9474-1A3956D46DE8}") = "Tests", "Tests", "{DBAD8891-A456-4540-936F-D13B363F3141}"
EndProject
Project("{FAE04EC0-301F-11D3-BF4B-00C04F79EFBC}") = "SimpleTaskSystem.Test", "Tests\SimpleTaskSystem.Test\SimpleTaskSystem.Test.csproj", "{8338C51E-DF08-43F4-BC7D-1B8584BB2AD5}"
EndProject
Global
	GlobalSection(SolutionConfigurationPlatforms) = preSolution
		Debug|Any CPU = Debug|Any CPU
		Release|Any CPU = Release|Any CPU
	EndGlobalSection
	GlobalSection(ProjectConfigurationPlatforms) = postSolution
		{17298EA0-AF73-4F30-B6F1-2066100D7D74}.Debug|Any CPU.ActiveCfg = Debug|Any CPU
		{17298EA0-AF73-4F30-B6F1-2066100D7D74}.Debug|Any CPU.Build.0 = Debug|Any CPU
		{17298EA0-AF73-4F30-B6F1-2066100D7D74}.Release|Any CPU.ActiveCfg = Release|Any CPU
		{17298EA0-AF73-4F30-B6F1-2066100D7D74}.Release|Any CPU.Build.0 = Release|Any CPU
		{EDF5D964-4C0F-4F19-B674-58A38A5E5401}.Debug|Any CPU.ActiveCfg = Debug|Any CPU
		{EDF5D964-4C0F-4F19-B674-58A38A5E5401}.Debug|Any CPU.Build.0 = Debug|Any CPU
		{EDF5D964-4C0F-4F19-B674-58A38A5E5401}.Release|Any CPU.ActiveCfg = Release|Any CPU
		{EDF5D964-4C0F-4F19-B674-58A38A5E5401}.Release|Any CPU.Build.0 = Release|Any CPU
		{5EB52D3D-09FD-463A-B02A-8D9856BD3724}.Debug|Any CPU.ActiveCfg = Debug|Any CPU
		{5EB52D3D-09FD-463A-B02A-8D9856BD3724}.Debug|Any CPU.Build.0 = Debug|Any CPU
		{5EB52D3D-09FD-463A-B02A-8D9856BD3724}.Release|Any CPU.ActiveCfg = Release|Any CPU
		{5EB52D3D-09FD-463A-B02A-8D9856BD3724}.Release|Any CPU.Build.0 = Release|Any CPU
		{897F6FD8-6F90-48E4-95A5-B4429B896205}.Debug|Any CPU.ActiveCfg = Debug|Any CPU
		{897F6FD8-6F90-48E4-95A5-B4429B896205}.Debug|Any CPU.Build.0 = Debug|Any CPU
		{897F6FD8-6F90-48E4-95A5-B4429B896205}.Release|Any CPU.ActiveCfg = Release|Any CPU
		{897F6FD8-6F90-48E4-95A5-B4429B896205}.Release|Any CPU.Build.0 = Release|Any CPU
		{E3DBB7F7-406D-4AE6-AD0A-59BF69DF536F}.Debug|Any CPU.ActiveCfg = Debug|Any CPU
		{E3DBB7F7-406D-4AE6-AD0A-59BF69DF536F}.Debug|Any CPU.Build.0 = Debug|Any CPU
		{E3DBB7F7-406D-4AE6-AD0A-59BF69DF536F}.Release|Any CPU.ActiveCfg = Release|Any CPU
		{E3DBB7F7-406D-4AE6-AD0A-59BF69DF536F}.Release|Any CPU.Build.0 = Release|Any CPU
		{3979F157-DEB0-4878-AB1D-4CEF6B5A1300}.Debug|Any CPU.ActiveCfg = Debug|Any CPU
		{3979F157-DEB0-4878-AB1D-4CEF6B5A1300}.Debug|Any CPU.Build.0 = Debug|Any CPU
		{3979F157-DEB0-4878-AB1D-4CEF6B5A1300}.Release|Any CPU.ActiveCfg = Release|Any CPU
		{3979F157-DEB0-4878-AB1D-4CEF6B5A1300}.Release|Any CPU.Build.0 = Release|Any CPU
		{5B9B8451-736C-41F8-AD7E-D7E6885964BA}.Debug|Any CPU.ActiveCfg = Debug|Any CPU
		{5B9B8451-736C-41F8-AD7E-D7E6885964BA}.Debug|Any CPU.Build.0 = Debug|Any CPU
		{5B9B8451-736C-41F8-AD7E-D7E6885964BA}.Release|Any CPU.ActiveCfg = Release|Any CPU
		{5B9B8451-736C-41F8-AD7E-D7E6885964BA}.Release|Any CPU.Build.0 = Release|Any CPU
		{858EE6C5-E5F6-45BC-BA74-04F2BFD169EE}.Debug|Any CPU.ActiveCfg = Debug|Any CPU
		{858EE6C5-E5F6-45BC-BA74-04F2BFD169EE}.Debug|Any CPU.Build.0 = Debug|Any CPU
		{858EE6C5-E5F6-45BC-BA74-04F2BFD169EE}.Release|Any CPU.ActiveCfg = Release|Any CPU
		{858EE6C5-E5F6-45BC-BA74-04F2BFD169EE}.Release|Any CPU.Build.0 = Release|Any CPU
		{8338C51E-DF08-43F4-BC7D-1B8584BB2AD5}.Debug|Any CPU.ActiveCfg = Debug|Any CPU
		{8338C51E-DF08-43F4-BC7D-1B8584BB2AD5}.Debug|Any CPU.Build.0 = Debug|Any CPU
		{8338C51E-DF08-43F4-BC7D-1B8584BB2AD5}.Release|Any CPU.ActiveCfg = Release|Any CPU
		{8338C51E-DF08-43F4-BC7D-1B8584BB2AD5}.Release|Any CPU.Build.0 = Release|Any CPU
	EndGlobalSection
	GlobalSection(SolutionProperties) = preSolution
		HideSolutionNode = FALSE
	EndGlobalSection
	GlobalSection(NestedProjects) = preSolution
		{17298EA0-AF73-4F30-B6F1-2066100D7D74} = {679BAA44-7C00-45A8-B769-4442DAD8458C}
		{EDF5D964-4C0F-4F19-B674-58A38A5E5401} = {679BAA44-7C00-45A8-B769-4442DAD8458C}
		{5EB52D3D-09FD-463A-B02A-8D9856BD3724} = {679BAA44-7C00-45A8-B769-4442DAD8458C}
		{3979F157-DEB0-4878-AB1D-4CEF6B5A1300} = {679BAA44-7C00-45A8-B769-4442DAD8458C}
		{5B9B8451-736C-41F8-AD7E-D7E6885964BA} = {679BAA44-7C00-45A8-B769-4442DAD8458C}
		{8338C51E-DF08-43F4-BC7D-1B8584BB2AD5} = {DBAD8891-A456-4540-936F-D13B363F3141}
	EndGlobalSection
	GlobalSection(ExtensibilityGlobals) = postSolution
		SolutionGuid = {4D3BA14C-B582-4DE7-BCA5-A2067D1112A7}
	EndGlobalSection
EndGlobal
