
Microsoft Visual Studio Solution File, Format Version 12.00
# Visual Studio 2013
VisualStudioVersion = 12.0.31101.0
MinimumVisualStudioVersion = 10.0.40219.1
Project("{FAE04EC0-301F-11D3-BF4B-00C04F79EFBC}") = "SimpleTaskSystem.Core", "SimpleTaskSystem.Core\SimpleTaskSystem.Core.csproj", "{17298EA0-AF73-4F30-B6F1-2066100D7D74}"
EndProject
Project("{FAE04EC0-301F-11D3-BF4B-00C04F79EFBC}") = "SimpleTaskSystem.Application", "SimpleTaskSystem.Application\SimpleTaskSystem.Application.csproj", "{EDF5D964-4C0F-4F19-B674-58A38A5E5401}"
EndProject
Project("{FAE04EC0-301F-11D3-BF4B-00C04F79EFBC}") = "SimpleTaskSystem.WebApi", "SimpleTaskSystem.WebApi\SimpleTaskSystem.WebApi.csproj", "{5EB52D3D-09FD-463A-B02A-8D9856BD3724}"
EndProject
Project("{2150E333-8FDC-42A3-9474-1A3956D46DE8}") = "Common", "Common", "{679BAA44-7C00-45A8-B769-4442DAD8458C}"
EndProject
Project("{FAE04EC0-301F-11D3-BF4B-00C04F79EFBC}") = "SimpleTaskSystem.WebSpaAngular", "SimpleTaskSystem.WebSpaAngular\SimpleTaskSystem.WebSpaAngular.csproj", "{897F6FD8-6F90-48E4-95A5-B4429B896205}"
EndProject
Project("{FAE04EC0-301F-11D3-BF4B-00C04F79EFBC}") = "SimpleTaskSystem.WebSpaDurandal", "SimpleTaskSystem.WebSpaDurandal\SimpleTaskSystem.WebSpaDurandal.csproj", "{E3DBB7F7-406D-4AE6-AD0A-59BF69DF536F}"
EndProject
Project("{FAE04EC0-301F-11D3-BF4B-00C04F79EFBC}") = "SimpleTaskSystem.EntityFramework", "SimpleTaskSystem.EntityFramework\SimpleTaskSystem.EntityFramework.csproj", "{3979F157-DEB0-4878-AB1D-4CEF6B5A1300}"
EndProject
Project("{FAE04EC0-301F-11D3-BF4B-00C04F79EFBC}") = "SimpleTaskSystem.NHibernate", "SimpleTaskSystem.NHibernate\SimpleTaskSystem.NHibernate.csproj", "{5B9B8451-736C-41F8-AD7E-D7E6885964BA}"
EndProject
Project("{2150E333-8FDC-42A3-9474-1A3956D46DE8}") = ".nuget", ".nuget", "{D742A110-9EC6-43AA-8DAA-F4489E89A625}"
	ProjectSection(SolutionItems) = preProject
		.nuget\NuGet.Config = .nuget\NuGet.Config
		.nuget\NuGet.exe = .nuget\NuGet.exe
		.nuget\NuGet.targets = .nuget\NuGet.targets
	EndProjectSection
EndProject
Project("{2150E333-8FDC-42A3-9474-1A3956D46DE8}") = "_Tests", "_Tests", "{36FC5083-E476-495B-BCB5-C847BED245A4}"
EndProject
Project("{FAE04EC0-301F-11D3-BF4B-00C04F79EFBC}") = "SimpleTaskSystem.Test", "Tests\SimpleTaskSystem.Test\SimpleTaskSystem.Test.csproj", "{DD4C50B3-D341-4F89-A15B-8E198CACBCE5}"
EndProject
Global
	GlobalSection(SolutionConfigurationPlatforms) = preSolution
		Debug|Any CPU = Debug|Any CPU
		Release|Any CPU = Release|Any CPU
	EndGlobalSection
	GlobalSection(ProjectConfigurationPlatforms) = postSolution
		{17298EA0-AF73-4F30-B6F1-2066100D7D74}.Debug|Any CPU.ActiveCfg = Debug|Any CPU
		{17298EA0-AF73-4F30-B6F1-2066100D7D74}.Debug|Any CPU.Build.0 = Debug|Any CPU
		{17298EA0-AF73-4F30-B6F1-2066100D7D74}.Release|Any CPU.ActiveCfg = Release|Any CPU
		{17298EA0-AF73-4F30-B6F1-2066100D7D74}.Release|Any CPU.Build.0 = Release|Any CPU
		{EDF5D964-4C0F-4F19-B674-58A38A5E5401}.Debug|Any CPU.ActiveCfg = Debug|Any CPU
		{EDF5D964-4C0F-4F19-B674-58A38A5E5401}.Debug|Any CPU.Build.0 = Debug|Any CPU
		{EDF5D964-4C0F-4F19-B674-58A38A5E5401}.Release|Any CPU.ActiveCfg = Release|Any CPU
		{EDF5D964-4C0F-4F19-B674-58A38A5E5401}.Release|Any CPU.Build.0 = Release|Any CPU
		{5EB52D3D-09FD-463A-B02A-8D9856BD3724}.Debug|Any CPU.ActiveCfg = Debug|Any CPU
		{5EB52D3D-09FD-463A-B02A-8D9856BD3724}.Debug|Any CPU.Build.0 = Debug|Any CPU
		{5EB52D3D-09FD-463A-B02A-8D9856BD3724}.Release|Any CPU.ActiveCfg = Release|Any CPU
		{5EB52D3D-09FD-463A-B02A-8D9856BD3724}.Release|Any CPU.Build.0 = Release|Any CPU
		{897F6FD8-6F90-48E4-95A5-B4429B896205}.Debug|Any CPU.ActiveCfg = Debug|Any CPU
		{897F6FD8-6F90-48E4-95A5-B4429B896205}.Debug|Any CPU.Build.0 = Debug|Any CPU
		{897F6FD8-6F90-48E4-95A5-B4429B896205}.Release|Any CPU.ActiveCfg = Release|Any CPU
		{897F6FD8-6F90-48E4-95A5-B4429B896205}.Release|Any CPU.Build.0 = Release|Any CPU
		{E3DBB7F7-406D-4AE6-AD0A-59BF69DF536F}.Debug|Any CPU.ActiveCfg = Debug|Any CPU
		{E3DBB7F7-406D-4AE6-AD0A-59BF69DF536F}.Debug|Any CPU.Build.0 = Debug|Any CPU
		{E3DBB7F7-406D-4AE6-AD0A-59BF69DF536F}.Release|Any CPU.ActiveCfg = Release|Any CPU
		{E3DBB7F7-406D-4AE6-AD0A-59BF69DF536F}.Release|Any CPU.Build.0 = Release|Any CPU
		{3979F157-DEB0-4878-AB1D-4CEF6B5A1300}.Debug|Any CPU.ActiveCfg = Debug|Any CPU
		{3979F157-DEB0-4878-AB1D-4CEF6B5A1300}.Debug|Any CPU.Build.0 = Debug|Any CPU
		{3979F157-DEB0-4878-AB1D-4CEF6B5A1300}.Release|Any CPU.ActiveCfg = Release|Any CPU
		{3979F157-DEB0-4878-AB1D-4CEF6B5A1300}.Release|Any CPU.Build.0 = Release|Any CPU
		{5B9B8451-736C-41F8-AD7E-D7E6885964BA}.Debug|Any CPU.ActiveCfg = Debug|Any CPU
		{5B9B8451-736C-41F8-AD7E-D7E6885964BA}.Debug|Any CPU.Build.0 = Debug|Any CPU
		{5B9B8451-736C-41F8-AD7E-D7E6885964BA}.Release|Any CPU.ActiveCfg = Release|Any CPU
		{5B9B8451-736C-41F8-AD7E-D7E6885964BA}.Release|Any CPU.Build.0 = Release|Any CPU
		{DD4C50B3-D341-4F89-A15B-8E198CACBCE5}.Debug|Any CPU.ActiveCfg = Debug|Any CPU
		{DD4C50B3-D341-4F89-A15B-8E198CACBCE5}.Debug|Any CPU.Build.0 = Debug|Any CPU
		{DD4C50B3-D341-4F89-A15B-8E198CACBCE5}.Release|Any CPU.ActiveCfg = Release|Any CPU
		{DD4C50B3-D341-4F89-A15B-8E198CACBCE5}.Release|Any CPU.Build.0 = Release|Any CPU
	EndGlobalSection
	GlobalSection(SolutionProperties) = preSolution
		HideSolutionNode = FALSE
	EndGlobalSection
	GlobalSection(NestedProjects) = preSolution
		{17298EA0-AF73-4F30-B6F1-2066100D7D74} = {679BAA44-7C00-45A8-B769-4442DAD8458C}
		{EDF5D964-4C0F-4F19-B674-58A38A5E5401} = {679BAA44-7C00-45A8-B769-4442DAD8458C}
		{5EB52D3D-09FD-463A-B02A-8D9856BD3724} = {679BAA44-7C00-45A8-B769-4442DAD8458C}
		{3979F157-DEB0-4878-AB1D-4CEF6B5A1300} = {679BAA44-7C00-45A8-B769-4442DAD8458C}
		{5B9B8451-736C-41F8-AD7E-D7E6885964BA} = {679BAA44-7C00-45A8-B769-4442DAD8458C}
		{DD4C50B3-D341-4F89-A15B-8E198CACBCE5} = {36FC5083-E476-495B-BCB5-C847BED245A4}
	EndGlobalSection
EndGlobal
