
Microsoft Visual Studio Solution File, Format Version 12.00
# Visual Studio 2013
VisualStudioVersion = 12.0.40629.0
MinimumVisualStudioVersion = 10.0.40219.1
Project("{FAE04EC0-301F-11D3-BF4B-00C04F79EFBC}") = "AbpWpfDemo.Core", "AbpWpfDemo.Core\AbpWpfDemo.Core.csproj", "{17298EA0-AF73-4F30-B6F1-2066100D7D74}"
EndProject
Project("{FAE04EC0-301F-11D3-BF4B-00C04F79EFBC}") = "AbpWpfDemo.Application", "AbpWpfDemo.Application\AbpWpfDemo.Application.csproj", "{EDF5D964-4C0F-4F19-B674-58A38A5E5401}"
EndProject
Project("{FAE04EC0-301F-11D3-BF4B-00C04F79EFBC}") = "AbpWpfDemo.EntityFramework", "AbpWpfDemo.EntityFramework\AbpWpfDemo.EntityFramework.csproj", "{3979F157-DEB0-4878-AB1D-4CEF6B5A1300}"
EndProject
Project("{2150E333-8FDC-42A3-9474-1A3956D46DE8}") = ".nuget", ".nuget", "{DFA48E27-7D53-4955-A722-3D91A7119BE7}"
	ProjectSection(SolutionItems) = preProject
		.nuget\NuGet.Config = .nuget\NuGet.Config
		.nuget\NuGet.exe = .nuget\NuGet.exe
		.nuget\NuGet.targets = .nuget\NuGet.targets
	EndProjectSection
EndProject
Project("{FAE04EC0-301F-11D3-BF4B-00C04F79EFBC}") = "AbpWpfDemo.UI", "AbpWpfDemo.UI\AbpWpfDemo.UI.csproj", "{C4442C7E-8BCD-4245-B713-BFB21821F77A}"
EndProject
Project("{FAE04EC0-301F-11D3-BF4B-00C04F79EFBC}") = "AbpWpfDemo.UI-WinForms", "AbpWpfDemo.UI-WinForms\AbpWpfDemo.UI-WinForms.csproj", "{E1409FB3-6FA5-4BAF-B093-D713EC4A1FAD}"
EndProject
Global
	GlobalSection(SolutionConfigurationPlatforms) = preSolution
		Debug|Any CPU = Debug|Any CPU
		Release|Any CPU = Release|Any CPU
	EndGlobalSection
	GlobalSection(ProjectConfigurationPlatforms) = postSolution
		{17298EA0-AF73-4F30-B6F1-2066100D7D74}.Debug|Any CPU.ActiveCfg = Debug|Any CPU
		{17298EA0-AF73-4F30-B6F1-2066100D7D74}.Debug|Any CPU.Build.0 = Debug|Any CPU
		{17298EA0-AF73-4F30-B6F1-2066100D7D74}.Release|Any CPU.ActiveCfg = Release|Any CPU
		{17298EA0-AF73-4F30-B6F1-2066100D7D74}.Release|Any CPU.Build.0 = Release|Any CPU
		{EDF5D964-4C0F-4F19-B674-58A38A5E5401}.Debug|Any CPU.ActiveCfg = Debug|Any CPU
		{EDF5D964-4C0F-4F19-B674-58A38A5E5401}.Debug|Any CPU.Build.0 = Debug|Any CPU
		{EDF5D964-4C0F-4F19-B674-58A38A5E5401}.Release|Any CPU.ActiveCfg = Release|Any CPU
		{EDF5D964-4C0F-4F19-B674-58A38A5E5401}.Release|Any CPU.Build.0 = Release|Any CPU
		{3979F157-DEB0-4878-AB1D-4CEF6B5A1300}.Debug|Any CPU.ActiveCfg = Debug|Any CPU
		{3979F157-DEB0-4878-AB1D-4CEF6B5A1300}.Debug|Any CPU.Build.0 = Debug|Any CPU
		{3979F157-DEB0-4878-AB1D-4CEF6B5A1300}.Release|Any CPU.ActiveCfg = Release|Any CPU
		{3979F157-DEB0-4878-AB1D-4CEF6B5A1300}.Release|Any CPU.Build.0 = Release|Any CPU
		{C4442C7E-8BCD-4245-B713-BFB21821F77A}.Debug|Any CPU.ActiveCfg = Debug|Any CPU
		{C4442C7E-8BCD-4245-B713-BFB21821F77A}.Debug|Any CPU.Build.0 = Debug|Any CPU
		{C4442C7E-8BCD-4245-B713-BFB21821F77A}.Release|Any CPU.ActiveCfg = Release|Any CPU
		{C4442C7E-8BCD-4245-B713-BFB21821F77A}.Release|Any CPU.Build.0 = Release|Any CPU
		{E1409FB3-6FA5-4BAF-B093-D713EC4A1FAD}.Debug|Any CPU.ActiveCfg = Debug|Any CPU
		{E1409FB3-6FA5-4BAF-B093-D713EC4A1FAD}.Debug|Any CPU.Build.0 = Debug|Any CPU
		{E1409FB3-6FA5-4BAF-B093-D713EC4A1FAD}.Release|Any CPU.ActiveCfg = Release|Any CPU
		{E1409FB3-6FA5-4BAF-B093-D713EC4A1FAD}.Release|Any CPU.Build.0 = Release|Any CPU
	EndGlobalSection
	GlobalSection(SolutionProperties) = preSolution
		HideSolutionNode = FALSE
	EndGlobalSection
EndGlobal
