
Microsoft Visual Studio Solution File, Format Version 12.00
# Visual Studio 15
VisualStudioVersion = 15.0.26430.16
MinimumVisualStudioVersion = 10.0.40219.1
Project("{FAE04EC0-301F-11D3-BF4B-00C04F79EFBC}") = "StandartTestApp", "StandartTestApp\StandartTestApp.csproj", "{D7DFD0CA-6651-4E43-8DCE-F5ABE83E84CE}"
EndProject
Global
	GlobalSection(SolutionConfigurationPlatforms) = preSolution
		Debug|Any CPU = Debug|Any CPU
		Release|Any CPU = Release|Any CPU
	EndGlobalSection
	GlobalSection(ProjectConfigurationPlatforms) = postSolution
		{D7DFD0CA-6651-4E43-8DCE-F5ABE83E84CE}.Debug|Any CPU.ActiveCfg = Debug|Any CPU
		{D7DFD0CA-6651-4E43-8DCE-F5ABE83E84CE}.Debug|Any CPU.Build.0 = Debug|Any CPU
		{D7DFD0CA-6651-4E43-8DCE-F5ABE83E84CE}.Release|Any CPU.ActiveCfg = Release|Any CPU
		{D7DFD0CA-6651-4E43-8DCE-F5ABE83E84CE}.Release|Any CPU.Build.0 = Release|Any CPU
	EndGlobalSection
	GlobalSection(SolutionProperties) = preSolution
		HideSolutionNode = FALSE
	EndGlobalSection
EndGlobal
